
Microsoft Visual Studio Solution File, Format Version 12.00
# Visual Studio 14
VisualStudioVersion = 14.0.25420.1
MinimumVisualStudioVersion = 10.0.40219.1
Project("{2150E333-8FDC-42A3-9474-1A3956D46DE8}") = "Samples.net45", "Samples.net45", "{AD51E920-687B-4F27-B5E3-B1A72FFB6EF6}"
EndProject
Project("{2150E333-8FDC-42A3-9474-1A3956D46DE8}") = "Solution Items", "Solution Items", "{755AAD0E-ACA3-482E-8325-9C22929CC984}"
	ProjectSection(SolutionItems) = preProject
		global.json = global.json
	EndProjectSection
EndProject
Project("{2150E333-8FDC-42A3-9474-1A3956D46DE8}") = "Test", "Test", "{119F7828-4CCA-4F2F-84B1-AA134E7C004A}"
EndProject
Project("{8BB2217D-0F2D-49D1-97BC-3654ED321F3B}") = "Nanophone.Core.Tests", "test\Nanophone.Core.Tests\Nanophone.Core.Tests.xproj", "{8C976BEE-0DFF-42C4-88A8-86A7FF17CD78}"
EndProject
Project("{8BB2217D-0F2D-49D1-97BC-3654ED321F3B}") = "Nanophone.RegistryHost.ConsulRegistry.Tests", "test\Nanophone.RegistryHost.ConsulRegistry.Tests\Nanophone.RegistryHost.ConsulRegistry.Tests.xproj", "{F29468BE-2BAF-4CE3-9B28-D0D7E01ACB1E}"
EndProject
Project("{8BB2217D-0F2D-49D1-97BC-3654ED321F3B}") = "Nanophone.Core", "src\Nanophone.Core\Nanophone.Core.xproj", "{61EEBBD3-DB6A-4FFB-A358-D3D0482AEDA2}"
EndProject
Project("{8BB2217D-0F2D-49D1-97BC-3654ED321F3B}") = "Nanophone.RegistryHost.ConsulRegistry", "src\Nanophone.RegistryHost.ConsulRegistry\Nanophone.RegistryHost.ConsulRegistry.xproj", "{EA667313-9505-4C96-A0A3-A7E3CDF7B453}"
EndProject
Project("{8BB2217D-0F2D-49D1-97BC-3654ED321F3B}") = "Nanophone.RegistryTenant.Nancy", "src\Nanophone.RegistryTenant.Nancy\Nanophone.RegistryTenant.Nancy.xproj", "{C1D8398F-DC85-4FAB-A495-458737F2B26E}"
EndProject
Project("{8BB2217D-0F2D-49D1-97BC-3654ED321F3B}") = "Nanophone.RegistryTenant.WebApi", "src\Nanophone.RegistryTenant.WebApi\Nanophone.RegistryTenant.WebApi.xproj", "{5023B7BA-727A-4FD3-857E-9167F96B247E}"
EndProject
Project("{FAE04EC0-301F-11D3-BF4B-00C04F79EFBC}") = "SampleClient.net451", "src\SampleClient.net451\SampleClient.net451.csproj", "{C69703C2-EE7E-4054-8B7A-3A6C2993AD8C}"
EndProject
Project("{FAE04EC0-301F-11D3-BF4B-00C04F79EFBC}") = "SampleService.WebApi.SelfHost.net451", "src\SampleService.WebApi.SelfHost.net451\SampleService.WebApi.SelfHost.net451.csproj", "{91943620-673A-4FC0-8B60-BBFB9E7E73AB}"
EndProject
Project("{2150E333-8FDC-42A3-9474-1A3956D46DE8}") = "Samples.netcore", "Samples.netcore", "{65A72131-6AE0-4BE2-BEB6-86729759C613}"
EndProject
Project("{8BB2217D-0F2D-49D1-97BC-3654ED321F3B}") = "SampleClient.netcore", "src\SampleClient.netcore\SampleClient.netcore.xproj", "{30F3CB95-4F8B-4920-A36E-C9501121383B}"
EndProject
Project("{8BB2217D-0F2D-49D1-97BC-3654ED321F3B}") = "SampleService.AspNetCore.Kestrel", "src\SampleService.AspNetCore.Kestrel\SampleService.AspNetCore.Kestrel.xproj", "{C2CE58CC-8036-47E9-B921-50360B0F00F4}"
EndProject
Project("{FAE04EC0-301F-11D3-BF4B-00C04F79EFBC}") = "SampleService.Nancy.net452", "src\SampleService.Nancy.net452\SampleService.Nancy.net452.csproj", "{FCAF9A36-E1ED-4AD2-BDDB-B2DFD0B93D2B}"
EndProject
Project("{8BB2217D-0F2D-49D1-97BC-3654ED321F3B}") = "SampleService.Nancy.netcore", "src\SampleService.Nancy.netcore\SampleService.Nancy.netcore.xproj", "{983F09FA-409D-44AB-BBD8-4041A0143C5D}"
EndProject
Global
	GlobalSection(SolutionConfigurationPlatforms) = preSolution
		Debug|Any CPU = Debug|Any CPU
		Release|Any CPU = Release|Any CPU
	EndGlobalSection
	GlobalSection(ProjectConfigurationPlatforms) = postSolution
		{8C976BEE-0DFF-42C4-88A8-86A7FF17CD78}.Debug|Any CPU.ActiveCfg = Debug|Any CPU
		{8C976BEE-0DFF-42C4-88A8-86A7FF17CD78}.Debug|Any CPU.Build.0 = Debug|Any CPU
		{8C976BEE-0DFF-42C4-88A8-86A7FF17CD78}.Release|Any CPU.ActiveCfg = Release|Any CPU
		{F29468BE-2BAF-4CE3-9B28-D0D7E01ACB1E}.Debug|Any CPU.ActiveCfg = Debug|Any CPU
		{F29468BE-2BAF-4CE3-9B28-D0D7E01ACB1E}.Debug|Any CPU.Build.0 = Debug|Any CPU
		{F29468BE-2BAF-4CE3-9B28-D0D7E01ACB1E}.Release|Any CPU.ActiveCfg = Release|Any CPU
		{61EEBBD3-DB6A-4FFB-A358-D3D0482AEDA2}.Debug|Any CPU.ActiveCfg = Debug|Any CPU
		{61EEBBD3-DB6A-4FFB-A358-D3D0482AEDA2}.Debug|Any CPU.Build.0 = Debug|Any CPU
		{61EEBBD3-DB6A-4FFB-A358-D3D0482AEDA2}.Release|Any CPU.ActiveCfg = Release|Any CPU
		{61EEBBD3-DB6A-4FFB-A358-D3D0482AEDA2}.Release|Any CPU.Build.0 = Release|Any CPU
		{EA667313-9505-4C96-A0A3-A7E3CDF7B453}.Debug|Any CPU.ActiveCfg = Debug|Any CPU
		{EA667313-9505-4C96-A0A3-A7E3CDF7B453}.Debug|Any CPU.Build.0 = Debug|Any CPU
		{EA667313-9505-4C96-A0A3-A7E3CDF7B453}.Release|Any CPU.ActiveCfg = Release|Any CPU
		{EA667313-9505-4C96-A0A3-A7E3CDF7B453}.Release|Any CPU.Build.0 = Release|Any CPU
		{C1D8398F-DC85-4FAB-A495-458737F2B26E}.Debug|Any CPU.ActiveCfg = Debug|Any CPU
		{C1D8398F-DC85-4FAB-A495-458737F2B26E}.Debug|Any CPU.Build.0 = Debug|Any CPU
		{C1D8398F-DC85-4FAB-A495-458737F2B26E}.Release|Any CPU.ActiveCfg = Release|Any CPU
		{C1D8398F-DC85-4FAB-A495-458737F2B26E}.Release|Any CPU.Build.0 = Release|Any CPU
		{5023B7BA-727A-4FD3-857E-9167F96B247E}.Debug|Any CPU.ActiveCfg = Debug|Any CPU
		{5023B7BA-727A-4FD3-857E-9167F96B247E}.Debug|Any CPU.Build.0 = Debug|Any CPU
		{5023B7BA-727A-4FD3-857E-9167F96B247E}.Release|Any CPU.ActiveCfg = Release|Any CPU
		{5023B7BA-727A-4FD3-857E-9167F96B247E}.Release|Any CPU.Build.0 = Release|Any CPU
		{C69703C2-EE7E-4054-8B7A-3A6C2993AD8C}.Debug|Any CPU.ActiveCfg = Debug|Any CPU
		{C69703C2-EE7E-4054-8B7A-3A6C2993AD8C}.Debug|Any CPU.Build.0 = Debug|Any CPU
		{C69703C2-EE7E-4054-8B7A-3A6C2993AD8C}.Release|Any CPU.ActiveCfg = Release|Any CPU
		{91943620-673A-4FC0-8B60-BBFB9E7E73AB}.Debug|Any CPU.ActiveCfg = Debug|Any CPU
		{91943620-673A-4FC0-8B60-BBFB9E7E73AB}.Debug|Any CPU.Build.0 = Debug|Any CPU
		{91943620-673A-4FC0-8B60-BBFB9E7E73AB}.Release|Any CPU.ActiveCfg = Release|Any CPU
		{30F3CB95-4F8B-4920-A36E-C9501121383B}.Debug|Any CPU.ActiveCfg = Debug|Any CPU
		{30F3CB95-4F8B-4920-A36E-C9501121383B}.Debug|Any CPU.Build.0 = Debug|Any CPU
		{30F3CB95-4F8B-4920-A36E-C9501121383B}.Release|Any CPU.ActiveCfg = Release|Any CPU
		{C2CE58CC-8036-47E9-B921-50360B0F00F4}.Debug|Any CPU.ActiveCfg = Debug|Any CPU
		{C2CE58CC-8036-47E9-B921-50360B0F00F4}.Debug|Any CPU.Build.0 = Debug|Any CPU
		{C2CE58CC-8036-47E9-B921-50360B0F00F4}.Release|Any CPU.ActiveCfg = Release|Any CPU
		{FCAF9A36-E1ED-4AD2-BDDB-B2DFD0B93D2B}.Debug|Any CPU.ActiveCfg = Debug|Any CPU
		{FCAF9A36-E1ED-4AD2-BDDB-B2DFD0B93D2B}.Debug|Any CPU.Build.0 = Debug|Any CPU
		{FCAF9A36-E1ED-4AD2-BDDB-B2DFD0B93D2B}.Release|Any CPU.ActiveCfg = Release|Any CPU
		{983F09FA-409D-44AB-BBD8-4041A0143C5D}.Debug|Any CPU.ActiveCfg = Debug|Any CPU
		{983F09FA-409D-44AB-BBD8-4041A0143C5D}.Debug|Any CPU.Build.0 = Debug|Any CPU
		{983F09FA-409D-44AB-BBD8-4041A0143C5D}.Release|Any CPU.ActiveCfg = Release|Any CPU
		{983F09FA-409D-44AB-BBD8-4041A0143C5D}.Release|Any CPU.Build.0 = Release|Any CPU
	EndGlobalSection
	GlobalSection(SolutionProperties) = preSolution
		HideSolutionNode = FALSE
	EndGlobalSection
	GlobalSection(NestedProjects) = preSolution
		{8C976BEE-0DFF-42C4-88A8-86A7FF17CD78} = {119F7828-4CCA-4F2F-84B1-AA134E7C004A}
		{F29468BE-2BAF-4CE3-9B28-D0D7E01ACB1E} = {119F7828-4CCA-4F2F-84B1-AA134E7C004A}
		{C69703C2-EE7E-4054-8B7A-3A6C2993AD8C} = {AD51E920-687B-4F27-B5E3-B1A72FFB6EF6}
		{91943620-673A-4FC0-8B60-BBFB9E7E73AB} = {AD51E920-687B-4F27-B5E3-B1A72FFB6EF6}
		{30F3CB95-4F8B-4920-A36E-C9501121383B} = {65A72131-6AE0-4BE2-BEB6-86729759C613}
		{C2CE58CC-8036-47E9-B921-50360B0F00F4} = {65A72131-6AE0-4BE2-BEB6-86729759C613}
		{FCAF9A36-E1ED-4AD2-BDDB-B2DFD0B93D2B} = {AD51E920-687B-4F27-B5E3-B1A72FFB6EF6}
		{983F09FA-409D-44AB-BBD8-4041A0143C5D} = {65A72131-6AE0-4BE2-BEB6-86729759C613}
	EndGlobalSection
EndGlobal
