
Microsoft Visual Studio Solution File, Format Version 12.00
# Visual Studio 14
VisualStudioVersion = 14.0.25123.0
MinimumVisualStudioVersion = 10.0.40219.1
Project("{FAE04EC0-301F-11D3-BF4B-00C04F79EFBC}") = "Nanophone.Core", "Nanophone.Core\Nanophone.Core.csproj", "{7B65DB3F-D6F0-45B5-88B0-6691B672CA0C}"
EndProject
Project("{2150E333-8FDC-42A3-9474-1A3956D46DE8}") = "Samples", "Samples", "{AD51E920-687B-4F27-B5E3-B1A72FFB6EF6}"
EndProject
Project("{FAE04EC0-301F-11D3-BF4B-00C04F79EFBC}") = "SampleClient", "SampleClient\SampleClient.csproj", "{C69703C2-EE7E-4054-8B7A-3A6C2993AD8C}"
EndProject
Project("{FAE04EC0-301F-11D3-BF4B-00C04F79EFBC}") = "SampleService.Nancy", "SampleService.Nancy\SampleService.Nancy.csproj", "{FCAF9A36-E1ED-4AD2-BDDB-B2DFD0B93D2B}"
EndProject
Project("{FAE04EC0-301F-11D3-BF4B-00C04F79EFBC}") = "SampleService.WebApi.SelfHost", "SampleService.WebApi.SelfHost\SampleService.WebApi.SelfHost.csproj", "{91943620-673A-4FC0-8B60-BBFB9E7E73AB}"
EndProject
Project("{FAE04EC0-301F-11D3-BF4B-00C04F79EFBC}") = "Nanophone.RegistryHost.ConsulRegistry", "Nanophone.RegistryHost.ConsulRegistry\Nanophone.RegistryHost.ConsulRegistry.csproj", "{1734B9D0-B55C-4E1C-A5B8-3EC234388E40}"
EndProject
Project("{FAE04EC0-301F-11D3-BF4B-00C04F79EFBC}") = "Nanophone.RegistryHost.ConsulRegistry.Tests", "Nanophone.RegistryHost.ConsulRegistry.Tests\Nanophone.RegistryHost.ConsulRegistry.Tests.csproj", "{4E0E8EFC-7E6F-4B10-BF58-E03E0767BFC3}"
EndProject
Project("{FAE04EC0-301F-11D3-BF4B-00C04F79EFBC}") = "Nanophone.RegistryTenant.Nancy", "Nanophone.RegistryTenant.Nancy\Nanophone.RegistryTenant.Nancy.csproj", "{4A96C26D-750A-4108-AB33-29B1255722F7}"
EndProject
Project("{FAE04EC0-301F-11D3-BF4B-00C04F79EFBC}") = "Nanophone.RegistryTenant.WebApi", "Nanophone.RegistryTenant.WebApi\Nanophone.RegistryTenant.WebApi.csproj", "{0FF76FE4-D61D-40F1-88E7-B4EC059FF2E7}"
EndProject
Global
	GlobalSection(SolutionConfigurationPlatforms) = preSolution
		Debug|Any CPU = Debug|Any CPU
		Release|Any CPU = Release|Any CPU
	EndGlobalSection
	GlobalSection(ProjectConfigurationPlatforms) = postSolution
		{7B65DB3F-D6F0-45B5-88B0-6691B672CA0C}.Debug|Any CPU.ActiveCfg = Debug|Any CPU
		{7B65DB3F-D6F0-45B5-88B0-6691B672CA0C}.Debug|Any CPU.Build.0 = Debug|Any CPU
		{7B65DB3F-D6F0-45B5-88B0-6691B672CA0C}.Release|Any CPU.ActiveCfg = Release|Any CPU
		{7B65DB3F-D6F0-45B5-88B0-6691B672CA0C}.Release|Any CPU.Build.0 = Release|Any CPU
		{C69703C2-EE7E-4054-8B7A-3A6C2993AD8C}.Debug|Any CPU.ActiveCfg = Debug|Any CPU
		{C69703C2-EE7E-4054-8B7A-3A6C2993AD8C}.Debug|Any CPU.Build.0 = Debug|Any CPU
		{C69703C2-EE7E-4054-8B7A-3A6C2993AD8C}.Release|Any CPU.ActiveCfg = Release|Any CPU
		{FCAF9A36-E1ED-4AD2-BDDB-B2DFD0B93D2B}.Debug|Any CPU.ActiveCfg = Debug|Any CPU
		{FCAF9A36-E1ED-4AD2-BDDB-B2DFD0B93D2B}.Debug|Any CPU.Build.0 = Debug|Any CPU
		{FCAF9A36-E1ED-4AD2-BDDB-B2DFD0B93D2B}.Release|Any CPU.ActiveCfg = Release|Any CPU
		{91943620-673A-4FC0-8B60-BBFB9E7E73AB}.Debug|Any CPU.ActiveCfg = Debug|Any CPU
		{91943620-673A-4FC0-8B60-BBFB9E7E73AB}.Debug|Any CPU.Build.0 = Debug|Any CPU
		{91943620-673A-4FC0-8B60-BBFB9E7E73AB}.Release|Any CPU.ActiveCfg = Release|Any CPU
		{1734B9D0-B55C-4E1C-A5B8-3EC234388E40}.Debug|Any CPU.ActiveCfg = Debug|Any CPU
		{1734B9D0-B55C-4E1C-A5B8-3EC234388E40}.Debug|Any CPU.Build.0 = Debug|Any CPU
		{1734B9D0-B55C-4E1C-A5B8-3EC234388E40}.Release|Any CPU.ActiveCfg = Release|Any CPU
		{1734B9D0-B55C-4E1C-A5B8-3EC234388E40}.Release|Any CPU.Build.0 = Release|Any CPU
		{4E0E8EFC-7E6F-4B10-BF58-E03E0767BFC3}.Debug|Any CPU.ActiveCfg = Debug|Any CPU
		{4E0E8EFC-7E6F-4B10-BF58-E03E0767BFC3}.Debug|Any CPU.Build.0 = Debug|Any CPU
		{4E0E8EFC-7E6F-4B10-BF58-E03E0767BFC3}.Release|Any CPU.ActiveCfg = Release|Any CPU
		{4A96C26D-750A-4108-AB33-29B1255722F7}.Debug|Any CPU.ActiveCfg = Debug|Any CPU
		{4A96C26D-750A-4108-AB33-29B1255722F7}.Debug|Any CPU.Build.0 = Debug|Any CPU
		{4A96C26D-750A-4108-AB33-29B1255722F7}.Release|Any CPU.ActiveCfg = Release|Any CPU
		{4A96C26D-750A-4108-AB33-29B1255722F7}.Release|Any CPU.Build.0 = Release|Any CPU
		{0FF76FE4-D61D-40F1-88E7-B4EC059FF2E7}.Debug|Any CPU.ActiveCfg = Debug|Any CPU
		{0FF76FE4-D61D-40F1-88E7-B4EC059FF2E7}.Debug|Any CPU.Build.0 = Debug|Any CPU
		{0FF76FE4-D61D-40F1-88E7-B4EC059FF2E7}.Release|Any CPU.ActiveCfg = Release|Any CPU
		{0FF76FE4-D61D-40F1-88E7-B4EC059FF2E7}.Release|Any CPU.Build.0 = Release|Any CPU
	EndGlobalSection
	GlobalSection(SolutionProperties) = preSolution
		HideSolutionNode = FALSE
	EndGlobalSection
	GlobalSection(NestedProjects) = preSolution
		{C69703C2-EE7E-4054-8B7A-3A6C2993AD8C} = {AD51E920-687B-4F27-B5E3-B1A72FFB6EF6}
		{FCAF9A36-E1ED-4AD2-BDDB-B2DFD0B93D2B} = {AD51E920-687B-4F27-B5E3-B1A72FFB6EF6}
		{91943620-673A-4FC0-8B60-BBFB9E7E73AB} = {AD51E920-687B-4F27-B5E3-B1A72FFB6EF6}
	EndGlobalSection
EndGlobal
